
Microsoft Visual Studio Solution File, Format Version 12.00
# Visual Studio Version 17
VisualStudioVersion = 17.7.34031.279
MinimumVisualStudioVersion = 10.0.40219.1
Project("{FAE04EC0-301F-11D3-BF4B-00C04F79EFBC}") = "e94106012_practice_7_1", "e94106012_practice_7_1\e94106012_practice_7_1.csproj", "{B8AC2575-5F78-4106-97ED-1E3A85DEA55E}"
EndProject
Global
	GlobalSection(SolutionConfigurationPlatforms) = preSolution
		Debug|Any CPU = Debug|Any CPU
		Release|Any CPU = Release|Any CPU
	EndGlobalSection
	GlobalSection(ProjectConfigurationPlatforms) = postSolution
		{B8AC2575-5F78-4106-97ED-1E3A85DEA55E}.Debug|Any CPU.ActiveCfg = Debug|Any CPU
		{B8AC2575-5F78-4106-97ED-1E3A85DEA55E}.Debug|Any CPU.Build.0 = Debug|Any CPU
		{B8AC2575-5F78-4106-97ED-1E3A85DEA55E}.Release|Any CPU.ActiveCfg = Release|Any CPU
		{B8AC2575-5F78-4106-97ED-1E3A85DEA55E}.Release|Any CPU.Build.0 = Release|Any CPU
	EndGlobalSection
	GlobalSection(SolutionProperties) = preSolution
		HideSolutionNode = FALSE
	EndGlobalSection
	GlobalSection(ExtensibilityGlobals) = postSolution
		SolutionGuid = {FEEE8A08-92B8-4BDD-A6C0-ED132ADC312D}
	EndGlobalSection
EndGlobal
